
Microsoft Visual Studio Solution File, Format Version 12.00
# Visual Studio Version 17
VisualStudioVersion = 17.2.32616.157
MinimumVisualStudioVersion = 10.0.40219.1
Project("{FAE04EC0-301F-11D3-BF4B-00C04F79EFBC}") = "EntityOgrenciNotlar", "EntityOgrenciNotlar\EntityOgrenciNotlar.csproj", "{FF1A86C0-A3FB-406D-8D15-13A8A0127A5D}"
EndProject
Global
	GlobalSection(SolutionConfigurationPlatforms) = preSolution
		Debug|Any CPU = Debug|Any CPU
		Release|Any CPU = Release|Any CPU
	EndGlobalSection
	GlobalSection(ProjectConfigurationPlatforms) = postSolution
		{FF1A86C0-A3FB-406D-8D15-13A8A0127A5D}.Debug|Any CPU.ActiveCfg = Debug|Any CPU
		{FF1A86C0-A3FB-406D-8D15-13A8A0127A5D}.Debug|Any CPU.Build.0 = Debug|Any CPU
		{FF1A86C0-A3FB-406D-8D15-13A8A0127A5D}.Release|Any CPU.ActiveCfg = Release|Any CPU
		{FF1A86C0-A3FB-406D-8D15-13A8A0127A5D}.Release|Any CPU.Build.0 = Release|Any CPU
	EndGlobalSection
	GlobalSection(SolutionProperties) = preSolution
		HideSolutionNode = FALSE
	EndGlobalSection
	GlobalSection(ExtensibilityGlobals) = postSolution
		SolutionGuid = {DD288D47-7467-49A1-9EB1-A0D4C1AEF5F1}
	EndGlobalSection
EndGlobal
